
Microsoft Visual Studio Solution File, Format Version 12.00
# Visual Studio Version 17
VisualStudioVersion = 17.6.33513.286
MinimumVisualStudioVersion = 10.0.40219.1
Project("{9A19103F-16F7-4668-BE54-9A1E7A4F7556}") = "HelloWorld", "HelloWorld\HelloWorld.csproj", "{8907D930-079C-42CB-8E76-E79D8A810217}"
EndProject
Project("{2150E333-8FDC-42A3-9474-1A3956D46DE8}") = "解决方案项", "解决方案项", "{319F9AFB-8F4E-48A8-85F2-5671057BA122}"
	ProjectSection(SolutionItems) = preProject
		Explain.md = Explain.md
		LICENSE.txt = LICENSE.txt
		README.md = README.md
	EndProjectSection
EndProject
Global
	GlobalSection(SolutionConfigurationPlatforms) = preSolution
		Debug|Any CPU = Debug|Any CPU
		Debug|x64 = Debug|x64
		Release|Any CPU = Release|Any CPU
		Release|x64 = Release|x64
	EndGlobalSection
	GlobalSection(ProjectConfigurationPlatforms) = postSolution
		{8907D930-079C-42CB-8E76-E79D8A810217}.Debug|Any CPU.ActiveCfg = Debug|Any CPU
		{8907D930-079C-42CB-8E76-E79D8A810217}.Debug|Any CPU.Build.0 = Debug|Any CPU
		{8907D930-079C-42CB-8E76-E79D8A810217}.Debug|x64.ActiveCfg = Debug|Any CPU
		{8907D930-079C-42CB-8E76-E79D8A810217}.Debug|x64.Build.0 = Debug|Any CPU
		{8907D930-079C-42CB-8E76-E79D8A810217}.Release|Any CPU.ActiveCfg = Release|Any CPU
		{8907D930-079C-42CB-8E76-E79D8A810217}.Release|Any CPU.Build.0 = Release|Any CPU
		{8907D930-079C-42CB-8E76-E79D8A810217}.Release|x64.ActiveCfg = Release|Any CPU
		{8907D930-079C-42CB-8E76-E79D8A810217}.Release|x64.Build.0 = Release|Any CPU
	EndGlobalSection
	GlobalSection(SolutionProperties) = preSolution
		HideSolutionNode = FALSE
	EndGlobalSection
	GlobalSection(ExtensibilityGlobals) = postSolution
		SolutionGuid = {CB9C0E35-7A2C-49B2-BED1-14E15755F423}
	EndGlobalSection
EndGlobal
